
Microsoft Visual Studio Solution File, Format Version 12.00
# Visual Studio Version 16
VisualStudioVersion = 16.0.30711.63
MinimumVisualStudioVersion = 10.0.40219.1
Project("{FAE04EC0-301F-11D3-BF4B-00C04F79EFBC}") = "Video LinQ 2", "Video LinQ 2\Video LinQ 2.csproj", "{3413293E-944C-40D4-9579-19AE03E6100E}"
EndProject
Global
	GlobalSection(SolutionConfigurationPlatforms) = preSolution
		Debug|Any CPU = Debug|Any CPU
		Release|Any CPU = Release|Any CPU
	EndGlobalSection
	GlobalSection(ProjectConfigurationPlatforms) = postSolution
		{3413293E-944C-40D4-9579-19AE03E6100E}.Debug|Any CPU.ActiveCfg = Debug|Any CPU
		{3413293E-944C-40D4-9579-19AE03E6100E}.Debug|Any CPU.Build.0 = Debug|Any CPU
		{3413293E-944C-40D4-9579-19AE03E6100E}.Release|Any CPU.ActiveCfg = Release|Any CPU
		{3413293E-944C-40D4-9579-19AE03E6100E}.Release|Any CPU.Build.0 = Release|Any CPU
	EndGlobalSection
	GlobalSection(SolutionProperties) = preSolution
		HideSolutionNode = FALSE
	EndGlobalSection
	GlobalSection(ExtensibilityGlobals) = postSolution
		SolutionGuid = {25B21B98-7342-4738-A0E8-FEB94EED6273}
	EndGlobalSection
EndGlobal
